
Microsoft Visual Studio Solution File, Format Version 12.00
# Visual Studio Version 16
VisualStudioVersion = 16.0.31005.135
MinimumVisualStudioVersion = 10.0.40219.1
Project("{FAE04EC0-301F-11D3-BF4B-00C04F79EFBC}") = "DM cinema", "DM cinema.csproj", "{131E3A0C-6CB7-4C10-AE2C-7A3DF0BDEB71}"
EndProject
Global
	GlobalSection(SolutionConfigurationPlatforms) = preSolution
		Debug|Any CPU = Debug|Any CPU
		Release|Any CPU = Release|Any CPU
	EndGlobalSection
	GlobalSection(ProjectConfigurationPlatforms) = postSolution
		{131E3A0C-6CB7-4C10-AE2C-7A3DF0BDEB71}.Debug|Any CPU.ActiveCfg = Debug|Any CPU
		{131E3A0C-6CB7-4C10-AE2C-7A3DF0BDEB71}.Debug|Any CPU.Build.0 = Debug|Any CPU
		{131E3A0C-6CB7-4C10-AE2C-7A3DF0BDEB71}.Release|Any CPU.ActiveCfg = Release|Any CPU
		{131E3A0C-6CB7-4C10-AE2C-7A3DF0BDEB71}.Release|Any CPU.Build.0 = Release|Any CPU
	EndGlobalSection
	GlobalSection(SolutionProperties) = preSolution
		HideSolutionNode = FALSE
	EndGlobalSection
	GlobalSection(ExtensibilityGlobals) = postSolution
		SolutionGuid = {F1ED63ED-2D55-4402-9B88-11AA9BDA771A}
	EndGlobalSection
EndGlobal
